// !$*UTF8*$!
{
	archiveVersion = 1;
	classes = {
	};
	objectVersion = 50;
	objects = {

/* Begin PBXBuildFile section */
		9629CC72216F025B009BBC16 /* AppDelegate.swift in Sources */ = {isa = PBXBuildFile; fileRef = 9629CC71216F025B009BBC16 /* AppDelegate.swift */; };
		9629CC74216F025B009BBC16 /* ViewController.swift in Sources */ = {isa = PBXBuildFile; fileRef = 9629CC73216F025B009BBC16 /* ViewController.swift */; };
		9629CC77216F025B009BBC16 /* Main.storyboard in Resources */ = {isa = PBXBuildFile; fileRef = 9629CC75216F025B009BBC16 /* Main.storyboard */; };
		9629CC79216F025C009BBC16 /* Assets.xcassets in Resources */ = {isa = PBXBuildFile; fileRef = 9629CC78216F025C009BBC16 /* Assets.xcassets */; };
		9629CC7C216F025C009BBC16 /* LaunchScreen.storyboard in Resources */ = {isa = PBXBuildFile; fileRef = 9629CC7A216F025C009BBC16 /* LaunchScreen.storyboard */; };
		9629CC84216F0BC0009BBC16 /* PhotoViewController.swift in Sources */ = {isa = PBXBuildFile; fileRef = 9629CC83216F0BC0009BBC16 /* PhotoViewController.swift */; };
		9629CC8E216F2FAA009BBC16 /* BookmarkTableViewController.swift in Sources */ = {isa = PBXBuildFile; fileRef = 9629CC8D216F2FAA009BBC16 /* BookmarkTableViewController.swift */; };
		96644C1E21994CFC0035FD0F /* ArcGIS.bundle in Resources */ = {isa = PBXBuildFile; fileRef = 96644C1D21994CFC0035FD0F /* ArcGIS.bundle */; };
		96C4B9772172CC7100E9BA5A /* MapViewController.swift in Sources */ = {isa = PBXBuildFile; fileRef = 96C4B9762172CC7100E9BA5A /* MapViewController.swift */; };
/* End PBXBuildFile section */

/* Begin PBXFileReference section */
		9629CC6E216F025B009BBC16 /* FindRoute.app */ = {isa = PBXFileReference; explicitFileType = wrapper.application; includeInIndex = 0; path = FindRoute.app; sourceTree = BUILT_PRODUCTS_DIR; };
		9629CC71216F025B009BBC16 /* AppDelegate.swift */ = {isa = PBXFileReference; lastKnownFileType = sourcecode.swift; path = AppDelegate.swift; sourceTree = "<group>"; };
		9629CC73216F025B009BBC16 /* ViewController.swift */ = {isa = PBXFileReference; lastKnownFileType = sourcecode.swift; path = ViewController.swift; sourceTree = "<group>"; };
		9629CC76216F025B009BBC16 /* Base */ = {isa = PBXFileReference; lastKnownFileType = file.storyboard; name = Base; path = Base.lproj/Main.storyboard; sourceTree = "<group>"; };
		9629CC78216F025C009BBC16 /* Assets.xcassets */ = {isa = PBXFileReference; lastKnownFileType = folder.assetcatalog; path = Assets.xcassets; sourceTree = "<group>"; };
		9629CC7B216F025C009BBC16 /* Base */ = {isa = PBXFileReference; lastKnownFileType = file.storyboard; name = Base; path = Base.lproj/LaunchScreen.storyboard; sourceTree = "<group>"; };
		9629CC7D216F025D009BBC16 /* Info.plist */ = {isa = PBXFileReference; lastKnownFileType = text.plist.xml; path = Info.plist; sourceTree = "<group>"; };
		9629CC83216F0BC0009BBC16 /* PhotoViewController.swift */ = {isa = PBXFileReference; lastKnownFileType = sourcecode.swift; path = PhotoViewController.swift; sourceTree = "<group>"; };
		9629CC8D216F2FAA009BBC16 /* BookmarkTableViewController.swift */ = {isa = PBXFileReference; lastKnownFileType = sourcecode.swift; path = BookmarkTableViewController.swift; sourceTree = "<group>"; };
		9629CC95216F6449009BBC16 /* ja */ = {isa = PBXFileReference; lastKnownFileType = text.plist.strings; name = ja; path = ja.lproj/Main.strings; sourceTree = "<group>"; };
		9629CC96216F6449009BBC16 /* ja */ = {isa = PBXFileReference; lastKnownFileType = text.plist.strings; name = ja; path = ja.lproj/LaunchScreen.strings; sourceTree = "<group>"; };
		96644C1D21994CFC0035FD0F /* ArcGIS.bundle */ = {isa = PBXFileReference; lastKnownFileType = "wrapper.plug-in"; name = ArcGIS.bundle; path = ../../../../Library/SDKs/ArcGIS/iOS/Frameworks/Static/ArcGIS.framework/Versions/Current/Resources/ArcGIS.bundle; sourceTree = "<group>"; };
		96C4B9762172CC7100E9BA5A /* MapViewController.swift */ = {isa = PBXFileReference; fileEncoding = 4; lastKnownFileType = sourcecode.swift; path = MapViewController.swift; sourceTree = "<group>"; };
/* End PBXFileReference section */

/* Begin PBXFrameworksBuildPhase section */
		9629CC6B216F025B009BBC16 /* Frameworks */ = {
			isa = PBXFrameworksBuildPhase;
			buildActionMask = 2147483647;
			files = (
			);
			runOnlyForDeploymentPostprocessing = 0;
		};
/* End PBXFrameworksBuildPhase section */

/* Begin PBXGroup section */
		9629CC65216F025B009BBC16 = {
			isa = PBXGroup;
			children = (
				96644C1D21994CFC0035FD0F /* ArcGIS.bundle */,
				9629CC70216F025B009BBC16 /* FindRoute */,
				9629CC6F216F025B009BBC16 /* Products */,
			);
			sourceTree = "<group>";
		};
		9629CC6F216F025B009BBC16 /* Products */ = {
			isa = PBXGroup;
			children = (
				9629CC6E216F025B009BBC16 /* FindRoute.app */,
			);
			name = Products;
			sourceTree = "<group>";
		};
		9629CC70216F025B009BBC16 /* FindRoute */ = {
			isa = PBXGroup;
			children = (
				96C4B9762172CC7100E9BA5A /* MapViewController.swift */,
				9629CC71216F025B009BBC16 /* AppDelegate.swift */,
				9629CC73216F025B009BBC16 /* ViewController.swift */,
				9629CC75216F025B009BBC16 /* Main.storyboard */,
				9629CC8D216F2FAA009BBC16 /* BookmarkTableViewController.swift */,
				9629CC83216F0BC0009BBC16 /* PhotoViewController.swift */,
				9629CC78216F025C009BBC16 /* Assets.xcassets */,
				9629CC7A216F025C009BBC16 /* LaunchScreen.storyboard */,
				9629CC7D216F025D009BBC16 /* Info.plist */,
			);
			path = FindRoute;
			sourceTree = "<group>";
		};
/* End PBXGroup section */

/* Begin PBXNativeTarget section */
		9629CC6D216F025B009BBC16 /* FindRoute */ = {
			isa = PBXNativeTarget;
			buildConfigurationList = 9629CC80216F025D009BBC16 /* Build configuration list for PBXNativeTarget "FindRoute" */;
			buildPhases = (
				9629CC6A216F025B009BBC16 /* Sources */,
				9629CC6B216F025B009BBC16 /* Frameworks */,
				9629CC6C216F025B009BBC16 /* Resources */,
			);
			buildRules = (
			);
			dependencies = (
			);
			name = FindRoute;
			productName = muroran;
			productReference = 9629CC6E216F025B009BBC16 /* FindRoute.app */;
			productType = "com.apple.product-type.application";
		};
/* End PBXNativeTarget section */

/* Begin PBXProject section */
		9629CC66216F025B009BBC16 /* Project object */ = {
			isa = PBXProject;
			attributes = {
				LastSwiftUpdateCheck = 1000;
				LastUpgradeCheck = 1000;
				ORGANIZATIONNAME = esrij;
				TargetAttributes = {
					9629CC6D216F025B009BBC16 = {
						CreatedOnToolsVersion = 10.0;
					};
				};
			};
			buildConfigurationList = 9629CC69216F025B009BBC16 /* Build configuration list for PBXProject "FindRoute" */;
			compatibilityVersion = "Xcode 9.3";
			developmentRegion = en;
			hasScannedForEncodings = 0;
			knownRegions = (
				en,
				Base,
			);
			mainGroup = 9629CC65216F025B009BBC16;
			productRefGroup = 9629CC6F216F025B009BBC16 /* Products */;
			projectDirPath = "";
			projectRoot = "";
			targets = (
				9629CC6D216F025B009BBC16 /* FindRoute */,
			);
		};
/* End PBXProject section */

/* Begin PBXResourcesBuildPhase section */
		9629CC6C216F025B009BBC16 /* Resources */ = {
			isa = PBXResourcesBuildPhase;
			buildActionMask = 2147483647;
			files = (
				96644C1E21994CFC0035FD0F /* ArcGIS.bundle in Resources */,
				9629CC7C216F025C009BBC16 /* LaunchScreen.storyboard in Resources */,
				9629CC79216F025C009BBC16 /* Assets.xcassets in Resources */,
				9629CC77216F025B009BBC16 /* Main.storyboard in Resources */,
			);
			runOnlyForDeploymentPostprocessing = 0;
		};
/* End PBXResourcesBuildPhase section */

/* Begin PBXSourcesBuildPhase section */
		9629CC6A216F025B009BBC16 /* Sources */ = {
			isa = PBXSourcesBuildPhase;
			buildActionMask = 2147483647;
			files = (
				9629CC8E216F2FAA009BBC16 /* BookmarkTableViewController.swift in Sources */,
				96C4B9772172CC7100E9BA5A /* MapViewController.swift in Sources */,
				9629CC74216F025B009BBC16 /* ViewController.swift in Sources */,
				9629CC72216F025B009BBC16 /* AppDelegate.swift in Sources */,
				9629CC84216F0BC0009BBC16 /* PhotoViewController.swift in Sources */,
			);
			runOnlyForDeploymentPostprocessing = 0;
		};
/* End PBXSourcesBuildPhase section */

/* Begin PBXVariantGroup section */
		9629CC75216F025B009BBC16 /* Main.storyboard */ = {
			isa = PBXVariantGroup;
			children = (
				9629CC76216F025B009BBC16 /* Base */,
				9629CC95216F6449009BBC16 /* ja */,
			);
			name = Main.storyboard;
			sourceTree = "<group>";
		};
		9629CC7A216F025C009BBC16 /* LaunchScreen.storyboard */ = {
			isa = PBXVariantGroup;
			children = (
				9629CC7B216F025C009BBC16 /* Base */,
				9629CC96216F6449009BBC16 /* ja */,
			);
			name = LaunchScreen.storyboard;
			sourceTree = "<group>";
		};
/* End PBXVariantGroup section */

/* Begin XCBuildConfiguration section */
		9629CC7E216F025D009BBC16 /* Debug */ = {
			isa = XCBuildConfiguration;
			buildSettings = {
				ALWAYS_SEARCH_USER_PATHS = NO;
				CLANG_ANALYZER_LOCALIZABILITY_NONLOCALIZED = YES;
				CLANG_ANALYZER_NONNULL = YES;
				CLANG_ANALYZER_NUMBER_OBJECT_CONVERSION = YES_AGGRESSIVE;
				CLANG_CXX_LANGUAGE_STANDARD = "gnu++14";
				CLANG_CXX_LIBRARY = "libc++";
				CLANG_ENABLE_MODULES = YES;
				CLANG_ENABLE_OBJC_ARC = YES;
				CLANG_ENABLE_OBJC_WEAK = YES;
				CLANG_WARN_BLOCK_CAPTURE_AUTORELEASING = YES;
				CLANG_WARN_BOOL_CONVERSION = YES;
				CLANG_WARN_COMMA = YES;
				CLANG_WARN_CONSTANT_CONVERSION = YES;
				CLANG_WARN_DEPRECATED_OBJC_IMPLEMENTATIONS = YES;
				CLANG_WARN_DIRECT_OBJC_ISA_USAGE = YES_ERROR;
				CLANG_WARN_DOCUMENTATION_COMMENTS = YES;
				CLANG_WARN_EMPTY_BODY = YES;
				CLANG_WARN_ENUM_CONVERSION = YES;
				CLANG_WARN_INFINITE_RECURSION = YES;
				CLANG_WARN_INT_CONVERSION = YES;
				CLANG_WARN_NON_LITERAL_NULL_CONVERSION = YES;
				CLANG_WARN_OBJC_IMPLICIT_RETAIN_SELF = YES;
				CLANG_WARN_OBJC_LITERAL_CONVERSION = YES;
				CLANG_WARN_OBJC_ROOT_CLASS = YES_ERROR;
				CLANG_WARN_RANGE_LOOP_ANALYSIS = YES;
				CLANG_WARN_STRICT_PROTOTYPES = YES;
				CLANG_WARN_SUSPICIOUS_MOVE = YES;
				CLANG_WARN_UNGUARDED_AVAILABILITY = YES_AGGRESSIVE;
				CLANG_WARN_UNREACHABLE_CODE = YES;
				CLANG_WARN__DUPLICATE_METHOD_MATCH = YES;
				CODE_SIGN_IDENTITY = "iPhone Developer";
				CODE_SIGN_STYLE = Automatic;
				COPY_PHASE_STRIP = NO;
				DEBUG_INFORMATION_FORMAT = dwarf;
				DEVELOPMENT_TEAM = 8R3S2LHFP7;
				ENABLE_STRICT_OBJC_MSGSEND = YES;
				ENABLE_TESTABILITY = YES;
				FRAMEWORK_SEARCH_PATHS = "$(HOME)/Library/SDKs/ArcGIS/iOS/Frameworks/Static";
				GCC_C_LANGUAGE_STANDARD = gnu11;
				GCC_DYNAMIC_NO_PIC = NO;
				GCC_NO_COMMON_BLOCKS = YES;
				GCC_OPTIMIZATION_LEVEL = 0;
				GCC_PREPROCESSOR_DEFINITIONS = (
					"DEBUG=1",
					"$(inherited)",
				);
				GCC_WARN_64_TO_32_BIT_CONVERSION = YES;
				GCC_WARN_ABOUT_RETURN_TYPE = YES_ERROR;
				GCC_WARN_UNDECLARED_SELECTOR = YES;
				GCC_WARN_UNINITIALIZED_AUTOS = YES_AGGRESSIVE;
				GCC_WARN_UNUSED_FUNCTION = YES;
				GCC_WARN_UNUSED_VARIABLE = YES;
				IPHONEOS_DEPLOYMENT_TARGET = 11.0;
				MTL_ENABLE_DEBUG_INFO = INCLUDE_SOURCE;
				MTL_FAST_MATH = YES;
				ONLY_ACTIVE_ARCH = YES;
				OTHER_LDFLAGS = (
					"-ObjC",
					"-framework",
					ArcGIS,
					"-l",
					"c++",
				);
				SDKROOT = iphoneos;
				SWIFT_ACTIVE_COMPILATION_CONDITIONS = DEBUG;
				SWIFT_OPTIMIZATION_LEVEL = "-Onone";
			};
			name = Debug;
		};
		9629CC7F216F025D009BBC16 /* Release */ = {
			isa = XCBuildConfiguration;
			buildSettings = {
				ALWAYS_SEARCH_USER_PATHS = NO;
				CLANG_ANALYZER_LOCALIZABILITY_NONLOCALIZED = YES;
				CLANG_ANALYZER_NONNULL = YES;
				CLANG_ANALYZER_NUMBER_OBJECT_CONVERSION = YES_AGGRESSIVE;
				CLANG_CXX_LANGUAGE_STANDARD = "gnu++14";
				CLANG_CXX_LIBRARY = "libc++";
				CLANG_ENABLE_MODULES = YES;
				CLANG_ENABLE_OBJC_ARC = YES;
				CLANG_ENABLE_OBJC_WEAK = YES;
				CLANG_WARN_BLOCK_CAPTURE_AUTORELEASING = YES;
				CLANG_WARN_BOOL_CONVERSION = YES;
				CLANG_WARN_COMMA = YES;
				CLANG_WARN_CONSTANT_CONVERSION = YES;
				CLANG_WARN_DEPRECATED_OBJC_IMPLEMENTATIONS = YES;
				CLANG_WARN_DIRECT_OBJC_ISA_USAGE = YES_ERROR;
				CLANG_WARN_DOCUMENTATION_COMMENTS = YES;
				CLANG_WARN_EMPTY_BODY = YES;
				CLANG_WARN_ENUM_CONVERSION = YES;
				CLANG_WARN_INFINITE_RECURSION = YES;
				CLANG_WARN_INT_CONVERSION = YES;
				CLANG_WARN_NON_LITERAL_NULL_CONVERSION = YES;
				CLANG_WARN_OBJC_IMPLICIT_RETAIN_SELF = YES;
				CLANG_WARN_OBJC_LITERAL_CONVERSION = YES;
				CLANG_WARN_OBJC_ROOT_CLASS = YES_ERROR;
				CLANG_WARN_RANGE_LOOP_ANALYSIS = YES;
				CLANG_WARN_STRICT_PROTOTYPES = YES;
				CLANG_WARN_SUSPICIOUS_MOVE = YES;
				CLANG_WARN_UNGUARDED_AVAILABILITY = YES_AGGRESSIVE;
				CLANG_WARN_UNREACHABLE_CODE = YES;
				CLANG_WARN__DUPLICATE_METHOD_MATCH = YES;
				CODE_SIGN_IDENTITY = "iPhone Developer";
				CODE_SIGN_STYLE = Automatic;
				COPY_PHASE_STRIP = NO;
				DEBUG_INFORMATION_FORMAT = "dwarf-with-dsym";
				DEVELOPMENT_TEAM = 8R3S2LHFP7;
				ENABLE_NS_ASSERTIONS = NO;
				ENABLE_STRICT_OBJC_MSGSEND = YES;
				FRAMEWORK_SEARCH_PATHS = "$(HOME)/Library/SDKs/ArcGIS/iOS/Frameworks/Static";
				GCC_C_LANGUAGE_STANDARD = gnu11;
				GCC_NO_COMMON_BLOCKS = YES;
				GCC_WARN_64_TO_32_BIT_CONVERSION = YES;
				GCC_WARN_ABOUT_RETURN_TYPE = YES_ERROR;
				GCC_WARN_UNDECLARED_SELECTOR = YES;
				GCC_WARN_UNINITIALIZED_AUTOS = YES_AGGRESSIVE;
				GCC_WARN_UNUSED_FUNCTION = YES;
				GCC_WARN_UNUSED_VARIABLE = YES;
				IPHONEOS_DEPLOYMENT_TARGET = 11.0;
				MTL_ENABLE_DEBUG_INFO = NO;
				MTL_FAST_MATH = YES;
				OTHER_LDFLAGS = (
					"-ObjC",
					"-framework",
					ArcGIS,
					"-l",
					"c++",
				);
				SDKROOT = iphoneos;
				SWIFT_COMPILATION_MODE = wholemodule;
				SWIFT_OPTIMIZATION_LEVEL = "-O";
				VALIDATE_PRODUCT = YES;
			};
			name = Release;
		};
		9629CC81216F025D009BBC16 /* Debug */ = {
			isa = XCBuildConfiguration;
			buildSettings = {
				ASSETCATALOG_COMPILER_APPICON_NAME = AppIcon;
				CODE_SIGN_IDENTITY = "iPhone Developer";
				CODE_SIGN_STYLE = Automatic;
				DEVELOPMENT_TEAM = 8R3S2LHFP7;
				INFOPLIST_FILE = "$(SRCROOT)/FindRoute/Info.plist";
				LD_RUNPATH_SEARCH_PATHS = (
					"$(inherited)",
					"@executable_path/Frameworks",
				);
				PRODUCT_BUNDLE_IDENTIFIER = com.esrij.FindRoute;
				PRODUCT_NAME = "$(TARGET_NAME)";
				PROVISIONING_PROFILE_SPECIFIER = "";
				SWIFT_VERSION = 4.2;
				TARGETED_DEVICE_FAMILY = "1,2";
			};
			name = Debug;
		};
		9629CC82216F025D009BBC16 /* Release */ = {
			isa = XCBuildConfiguration;
			buildSettings = {
				ASSETCATALOG_COMPILER_APPICON_NAME = AppIcon;
				CODE_SIGN_IDENTITY = "iPhone Developer";
				CODE_SIGN_STYLE = Automatic;
				DEVELOPMENT_TEAM = 8R3S2LHFP7;
				INFOPLIST_FILE = "$(SRCROOT)/FindRoute/Info.plist";
				LD_RUNPATH_SEARCH_PATHS = (
					"$(inherited)",
					"@executable_path/Frameworks",
				);
				PRODUCT_BUNDLE_IDENTIFIER = com.esrij.FindRoute;
				PRODUCT_NAME = "$(TARGET_NAME)";
				PROVISIONING_PROFILE_SPECIFIER = "";
				SWIFT_VERSION = 4.2;
				TARGETED_DEVICE_FAMILY = "1,2";
			};
			name = Release;
		};
/* End XCBuildConfiguration section */

/* Begin XCConfigurationList section */
		9629CC69216F025B009BBC16 /* Build configuration list for PBXProject "FindRoute" */ = {
			isa = XCConfigurationList;
			buildConfigurations = (
				9629CC7E216F025D009BBC16 /* Debug */,
				9629CC7F216F025D009BBC16 /* Release */,
			);
			defaultConfigurationIsVisible = 0;
			defaultConfigurationName = Release;
		};
		9629CC80216F025D009BBC16 /* Build configuration list for PBXNativeTarget "FindRoute" */ = {
			isa = XCConfigurationList;
			buildConfigurations = (
				9629CC81216F025D009BBC16 /* Debug */,
				9629CC82216F025D009BBC16 /* Release */,
			);
			defaultConfigurationIsVisible = 0;
			defaultConfigurationName = Release;
		};
/* End XCConfigurationList section */
	};
	rootObject = 9629CC66216F025B009BBC16 /* Project object */;
}
